
Microsoft Visual Studio Solution File, Format Version 12.00
# Visual Studio 14
VisualStudioVersion = 14.0.25420.1
MinimumVisualStudioVersion = 10.0.40219.1
Project("{00D1A9C2-B5F0-4AF3-8072-F6C62B433612}") = "inlämningsupg 2", "inlämningsupg 2\inlämningsupg 2.sqlproj", "{833808A2-DC81-46E2-9AFB-D1B13CE257B7}"
EndProject
Project("{FAE04EC0-301F-11D3-BF4B-00C04F79EFBC}") = "inlämningsupg 2 test", "inlämningsupg 2 test\inlämningsupg 2 test.csproj", "{12DA0160-81E5-41D1-A479-2C252D157404}"
EndProject
Global
	GlobalSection(SolutionConfigurationPlatforms) = preSolution
		Debug|Any CPU = Debug|Any CPU
		Release|Any CPU = Release|Any CPU
	EndGlobalSection
	GlobalSection(ProjectConfigurationPlatforms) = postSolution
		{833808A2-DC81-46E2-9AFB-D1B13CE257B7}.Debug|Any CPU.ActiveCfg = Debug|Any CPU
		{833808A2-DC81-46E2-9AFB-D1B13CE257B7}.Debug|Any CPU.Build.0 = Debug|Any CPU
		{833808A2-DC81-46E2-9AFB-D1B13CE257B7}.Debug|Any CPU.Deploy.0 = Debug|Any CPU
		{833808A2-DC81-46E2-9AFB-D1B13CE257B7}.Release|Any CPU.ActiveCfg = Release|Any CPU
		{833808A2-DC81-46E2-9AFB-D1B13CE257B7}.Release|Any CPU.Build.0 = Release|Any CPU
		{833808A2-DC81-46E2-9AFB-D1B13CE257B7}.Release|Any CPU.Deploy.0 = Release|Any CPU
		{12DA0160-81E5-41D1-A479-2C252D157404}.Debug|Any CPU.ActiveCfg = Debug|Any CPU
		{12DA0160-81E5-41D1-A479-2C252D157404}.Debug|Any CPU.Build.0 = Debug|Any CPU
		{12DA0160-81E5-41D1-A479-2C252D157404}.Release|Any CPU.ActiveCfg = Release|Any CPU
		{12DA0160-81E5-41D1-A479-2C252D157404}.Release|Any CPU.Build.0 = Release|Any CPU
	EndGlobalSection
	GlobalSection(SolutionProperties) = preSolution
		HideSolutionNode = FALSE
	EndGlobalSection
EndGlobal
